{
  "name": "joshuasand0val.github.io",
  "lockfileVersion": 2,
  "requires": true,
  "packages": {
    "": {
      "devDependencies": {
        "css-neo": "^2.0.0"
      }
    },
    "node_modules/css-neo": {
      "version": "2.0.0",
      "resolved": "https://registry.npmjs.org/css-neo/-/css-neo-2.0.0.tgz",
      "integrity": "sha512-ZGy7y/2xSkuFPQBTyeNSHrTE7FFuB3RpiPPg+weV8WiUN+/paK4iu67QRlAWx8d9frUopM7mhwEsWKMMtFG2YA==",
      "dev": true
    }
  },
  "dependencies": {
    "css-neo": {
      "version": "2.0.0",
      "resolved": "https://registry.npmjs.org/css-neo/-/css-neo-2.0.0.tgz",
      "integrity": "sha512-ZGy7y/2xSkuFPQBTyeNSHrTE7FFuB3RpiPPg+weV8WiUN+/paK4iu67QRlAWx8d9frUopM7mhwEsWKMMtFG2YA==",
      "dev": true
    }
  }
}
